// !$*UTF8*$!
{
	archiveVersion = 1;
	classes = {
	};
	objectVersion = 55;
	objects = {

/* Begin PBXBuildFile section */
		37CE03212861F95500FF3814 /* AppDelegate.swift in Sources */ = {isa = PBXBuildFile; fileRef = 37CE03202861F95500FF3814 /* AppDelegate.swift */; };
		37CE03232861F95500FF3814 /* SceneDelegate.swift in Sources */ = {isa = PBXBuildFile; fileRef = 37CE03222861F95500FF3814 /* SceneDelegate.swift */; };
		37CE032A2861F95800FF3814 /* Assets.xcassets in Resources */ = {isa = PBXBuildFile; fileRef = 37CE03292861F95800FF3814 /* Assets.xcassets */; };
		37CE032D2861F95800FF3814 /* LaunchScreen.storyboard in Resources */ = {isa = PBXBuildFile; fileRef = 37CE032B2861F95800FF3814 /* LaunchScreen.storyboard */; };
		37CE03382861F95800FF3814 /* GB_Course_CleanCodeTests.swift in Sources */ = {isa = PBXBuildFile; fileRef = 37CE03372861F95800FF3814 /* GB_Course_CleanCodeTests.swift */; };
		37CE03422861F95800FF3814 /* GB_Course_CleanCodeUITests.swift in Sources */ = {isa = PBXBuildFile; fileRef = 37CE03412861F95800FF3814 /* GB_Course_CleanCodeUITests.swift */; };
		37CE03442861F95800FF3814 /* GB_Course_CleanCodeUITestsLaunchTests.swift in Sources */ = {isa = PBXBuildFile; fileRef = 37CE03432861F95800FF3814 /* GB_Course_CleanCodeUITestsLaunchTests.swift */; };
		37D8175E286B00A700D338F6 /* Registration.swift in Sources */ = {isa = PBXBuildFile; fileRef = 37D8175D286B00A700D338F6 /* Registration.swift */; };
		37D81760286B00CA00D338F6 /* Authorization.swift in Sources */ = {isa = PBXBuildFile; fileRef = 37D8175F286B00CA00D338F6 /* Authorization.swift */; };
		37D81762286B01DF00D338F6 /* Logout.swift in Sources */ = {isa = PBXBuildFile; fileRef = 37D81761286B01DF00D338F6 /* Logout.swift */; };
		37D81764286B020300D338F6 /* EditProfile.swift in Sources */ = {isa = PBXBuildFile; fileRef = 37D81763286B020300D338F6 /* EditProfile.swift */; };
		37D96E8F2875B4B700BB997E /* ReistrationTest.swift in Sources */ = {isa = PBXBuildFile; fileRef = 37D96E8E2875B4B700BB997E /* ReistrationTest.swift */; };
		37D96E912876C83600BB997E /* AuthorizationTest.swift in Sources */ = {isa = PBXBuildFile; fileRef = 37D96E902876C83600BB997E /* AuthorizationTest.swift */; };
/* End PBXBuildFile section */

/* Begin PBXContainerItemProxy section */
		37CE03342861F95800FF3814 /* PBXContainerItemProxy */ = {
			isa = PBXContainerItemProxy;
			containerPortal = 37CE03152861F95500FF3814 /* Project object */;
			proxyType = 1;
			remoteGlobalIDString = 37CE031C2861F95500FF3814;
			remoteInfo = "GB-Course-CleanCode";
		};
		37CE033E2861F95800FF3814 /* PBXContainerItemProxy */ = {
			isa = PBXContainerItemProxy;
			containerPortal = 37CE03152861F95500FF3814 /* Project object */;
			proxyType = 1;
			remoteGlobalIDString = 37CE031C2861F95500FF3814;
			remoteInfo = "GB-Course-CleanCode";
		};
/* End PBXContainerItemProxy section */

/* Begin PBXFileReference section */
		37CE031D2861F95500FF3814 /* GB-Course-CleanCode.app */ = {isa = PBXFileReference; explicitFileType = wrapper.application; includeInIndex = 0; path = "GB-Course-CleanCode.app"; sourceTree = BUILT_PRODUCTS_DIR; };
		37CE03202861F95500FF3814 /* AppDelegate.swift */ = {isa = PBXFileReference; lastKnownFileType = sourcecode.swift; path = AppDelegate.swift; sourceTree = "<group>"; };
		37CE03222861F95500FF3814 /* SceneDelegate.swift */ = {isa = PBXFileReference; lastKnownFileType = sourcecode.swift; path = SceneDelegate.swift; sourceTree = "<group>"; };
		37CE03292861F95800FF3814 /* Assets.xcassets */ = {isa = PBXFileReference; lastKnownFileType = folder.assetcatalog; path = Assets.xcassets; sourceTree = "<group>"; };
		37CE032C2861F95800FF3814 /* Base */ = {isa = PBXFileReference; lastKnownFileType = file.storyboard; name = Base; path = Base.lproj/LaunchScreen.storyboard; sourceTree = "<group>"; };
		37CE032E2861F95800FF3814 /* Info.plist */ = {isa = PBXFileReference; lastKnownFileType = text.plist.xml; path = Info.plist; sourceTree = "<group>"; };
		37CE03332861F95800FF3814 /* GB-Course-CleanCodeTests.xctest */ = {isa = PBXFileReference; explicitFileType = wrapper.cfbundle; includeInIndex = 0; path = "GB-Course-CleanCodeTests.xctest"; sourceTree = BUILT_PRODUCTS_DIR; };
		37CE03372861F95800FF3814 /* GB_Course_CleanCodeTests.swift */ = {isa = PBXFileReference; lastKnownFileType = sourcecode.swift; path = GB_Course_CleanCodeTests.swift; sourceTree = "<group>"; };
		37CE033D2861F95800FF3814 /* GB-Course-CleanCodeUITests.xctest */ = {isa = PBXFileReference; explicitFileType = wrapper.cfbundle; includeInIndex = 0; path = "GB-Course-CleanCodeUITests.xctest"; sourceTree = BUILT_PRODUCTS_DIR; };
		37CE03412861F95800FF3814 /* GB_Course_CleanCodeUITests.swift */ = {isa = PBXFileReference; lastKnownFileType = sourcecode.swift; path = GB_Course_CleanCodeUITests.swift; sourceTree = "<group>"; };
		37CE03432861F95800FF3814 /* GB_Course_CleanCodeUITestsLaunchTests.swift */ = {isa = PBXFileReference; lastKnownFileType = sourcecode.swift; path = GB_Course_CleanCodeUITestsLaunchTests.swift; sourceTree = "<group>"; };
		37D8175D286B00A700D338F6 /* Registration.swift */ = {isa = PBXFileReference; lastKnownFileType = sourcecode.swift; path = Registration.swift; sourceTree = "<group>"; };
		37D8175F286B00CA00D338F6 /* Authorization.swift */ = {isa = PBXFileReference; lastKnownFileType = sourcecode.swift; path = Authorization.swift; sourceTree = "<group>"; };
		37D81761286B01DF00D338F6 /* Logout.swift */ = {isa = PBXFileReference; lastKnownFileType = sourcecode.swift; path = Logout.swift; sourceTree = "<group>"; };
		37D81763286B020300D338F6 /* EditProfile.swift */ = {isa = PBXFileReference; lastKnownFileType = sourcecode.swift; path = EditProfile.swift; sourceTree = "<group>"; };
		37D96E8E2875B4B700BB997E /* ReistrationTest.swift */ = {isa = PBXFileReference; lastKnownFileType = sourcecode.swift; path = ReistrationTest.swift; sourceTree = "<group>"; };
		37D96E902876C83600BB997E /* AuthorizationTest.swift */ = {isa = PBXFileReference; lastKnownFileType = sourcecode.swift; path = AuthorizationTest.swift; sourceTree = "<group>"; };
/* End PBXFileReference section */

/* Begin PBXFrameworksBuildPhase section */
		37CE031A2861F95500FF3814 /* Frameworks */ = {
			isa = PBXFrameworksBuildPhase;
			buildActionMask = 2147483647;
			files = (
			);
			runOnlyForDeploymentPostprocessing = 0;
		};
		37CE03302861F95800FF3814 /* Frameworks */ = {
			isa = PBXFrameworksBuildPhase;
			buildActionMask = 2147483647;
			files = (
			);
			runOnlyForDeploymentPostprocessing = 0;
		};
		37CE033A2861F95800FF3814 /* Frameworks */ = {
			isa = PBXFrameworksBuildPhase;
			buildActionMask = 2147483647;
			files = (
			);
			runOnlyForDeploymentPostprocessing = 0;
		};
/* End PBXFrameworksBuildPhase section */

/* Begin PBXGroup section */
		372901F72862090B003F72D8 /* App */ = {
			isa = PBXGroup;
			children = (
				37CE03202861F95500FF3814 /* AppDelegate.swift */,
				37CE03222861F95500FF3814 /* SceneDelegate.swift */,
				372901FB28620951003F72D8 /* BusinessLogic */,
				372901FC28620961003F72D8 /* Entity */,
				372901FD2862096C003F72D8 /* Assembly */,
				372901FE28620978003F72D8 /* Flows */,
			);
			path = App;
			sourceTree = "<group>";
		};
		372901F828620917003F72D8 /* Core */ = {
			isa = PBXGroup;
			children = (
			);
			path = Core;
			sourceTree = "<group>";
		};
		372901F928620929003F72D8 /* Resources */ = {
			isa = PBXGroup;
			children = (
				37CE03292861F95800FF3814 /* Assets.xcassets */,
				37CE032B2861F95800FF3814 /* LaunchScreen.storyboard */,
			);
			path = Resources;
			sourceTree = "<group>";
		};
		372901FA2862093D003F72D8 /* Environments */ = {
			isa = PBXGroup;
			children = (
				37CE032E2861F95800FF3814 /* Info.plist */,
			);
			path = Environments;
			sourceTree = "<group>";
		};
		372901FB28620951003F72D8 /* BusinessLogic */ = {
			isa = PBXGroup;
			children = (
			);
			path = BusinessLogic;
			sourceTree = "<group>";
		};
		372901FC28620961003F72D8 /* Entity */ = {
			isa = PBXGroup;
			children = (
			);
			path = Entity;
			sourceTree = "<group>";
		};
		372901FD2862096C003F72D8 /* Assembly */ = {
			isa = PBXGroup;
			children = (
			);
			path = Assembly;
			sourceTree = "<group>";
		};
		372901FE28620978003F72D8 /* Flows */ = {
			isa = PBXGroup;
			children = (
				37D8175D286B00A700D338F6 /* Registration.swift */,
				37D8175F286B00CA00D338F6 /* Authorization.swift */,
				37D81761286B01DF00D338F6 /* Logout.swift */,
				37D81763286B020300D338F6 /* EditProfile.swift */,
			);
			path = Flows;
			sourceTree = "<group>";
		};
		37CE03142861F95500FF3814 = {
			isa = PBXGroup;
			children = (
				37CE031F2861F95500FF3814 /* GB-Course-CleanCode */,
				37CE03362861F95800FF3814 /* GB-Course-CleanCodeTests */,
				37CE03402861F95800FF3814 /* GB-Course-CleanCodeUITests */,
				37CE031E2861F95500FF3814 /* Products */,
			);
			sourceTree = "<group>";
		};
		37CE031E2861F95500FF3814 /* Products */ = {
			isa = PBXGroup;
			children = (
				37CE031D2861F95500FF3814 /* GB-Course-CleanCode.app */,
				37CE03332861F95800FF3814 /* GB-Course-CleanCodeTests.xctest */,
				37CE033D2861F95800FF3814 /* GB-Course-CleanCodeUITests.xctest */,
			);
			name = Products;
			sourceTree = "<group>";
		};
		37CE031F2861F95500FF3814 /* GB-Course-CleanCode */ = {
			isa = PBXGroup;
			children = (
				372901F72862090B003F72D8 /* App */,
				372901F828620917003F72D8 /* Core */,
				372901F928620929003F72D8 /* Resources */,
				372901FA2862093D003F72D8 /* Environments */,
			);
			path = "GB-Course-CleanCode";
			sourceTree = "<group>";
		};
		37CE03362861F95800FF3814 /* GB-Course-CleanCodeTests */ = {
			isa = PBXGroup;
			children = (
				37CE03372861F95800FF3814 /* GB_Course_CleanCodeTests.swift */,
				37D96E8E2875B4B700BB997E /* ReistrationTest.swift */,
				37D96E902876C83600BB997E /* AuthorizationTest.swift */,
			);
			path = "GB-Course-CleanCodeTests";
			sourceTree = "<group>";
		};
		37CE03402861F95800FF3814 /* GB-Course-CleanCodeUITests */ = {
			isa = PBXGroup;
			children = (
				37CE03412861F95800FF3814 /* GB_Course_CleanCodeUITests.swift */,
				37CE03432861F95800FF3814 /* GB_Course_CleanCodeUITestsLaunchTests.swift */,
			);
			path = "GB-Course-CleanCodeUITests";
			sourceTree = "<group>";
		};
/* End PBXGroup section */

/* Begin PBXNativeTarget section */
		37CE031C2861F95500FF3814 /* GB-Course-CleanCode */ = {
			isa = PBXNativeTarget;
			buildConfigurationList = 37CE03472861F95800FF3814 /* Build configuration list for PBXNativeTarget "GB-Course-CleanCode" */;
			buildPhases = (
				37CE03192861F95500FF3814 /* Sources */,
				37CE031A2861F95500FF3814 /* Frameworks */,
				37CE031B2861F95500FF3814 /* Resources */,
			);
			buildRules = (
			);
			dependencies = (
			);
			name = "GB-Course-CleanCode";
			productName = "GB-Course-CleanCode";
			productReference = 37CE031D2861F95500FF3814 /* GB-Course-CleanCode.app */;
			productType = "com.apple.product-type.application";
		};
		37CE03322861F95800FF3814 /* GB-Course-CleanCodeTests */ = {
			isa = PBXNativeTarget;
			buildConfigurationList = 37CE034A2861F95800FF3814 /* Build configuration list for PBXNativeTarget "GB-Course-CleanCodeTests" */;
			buildPhases = (
				37CE032F2861F95800FF3814 /* Sources */,
				37CE03302861F95800FF3814 /* Frameworks */,
				37CE03312861F95800FF3814 /* Resources */,
			);
			buildRules = (
			);
			dependencies = (
				37CE03352861F95800FF3814 /* PBXTargetDependency */,
			);
			name = "GB-Course-CleanCodeTests";
			productName = "GB-Course-CleanCodeTests";
			productReference = 37CE03332861F95800FF3814 /* GB-Course-CleanCodeTests.xctest */;
			productType = "com.apple.product-type.bundle.unit-test";
		};
		37CE033C2861F95800FF3814 /* GB-Course-CleanCodeUITests */ = {
			isa = PBXNativeTarget;
			buildConfigurationList = 37CE034D2861F95800FF3814 /* Build configuration list for PBXNativeTarget "GB-Course-CleanCodeUITests" */;
			buildPhases = (
				37CE03392861F95800FF3814 /* Sources */,
				37CE033A2861F95800FF3814 /* Frameworks */,
				37CE033B2861F95800FF3814 /* Resources */,
			);
			buildRules = (
			);
			dependencies = (
				37CE033F2861F95800FF3814 /* PBXTargetDependency */,
			);
			name = "GB-Course-CleanCodeUITests";
			productName = "GB-Course-CleanCodeUITests";
			productReference = 37CE033D2861F95800FF3814 /* GB-Course-CleanCodeUITests.xctest */;
			productType = "com.apple.product-type.bundle.ui-testing";
		};
/* End PBXNativeTarget section */

/* Begin PBXProject section */
		37CE03152861F95500FF3814 /* Project object */ = {
			isa = PBXProject;
			attributes = {
				BuildIndependentTargetsInParallel = 1;
				LastSwiftUpdateCheck = 1320;
				LastUpgradeCheck = 1320;
				TargetAttributes = {
					37CE031C2861F95500FF3814 = {
						CreatedOnToolsVersion = 13.2.1;
					};
					37CE03322861F95800FF3814 = {
						CreatedOnToolsVersion = 13.2.1;
						TestTargetID = 37CE031C2861F95500FF3814;
					};
					37CE033C2861F95800FF3814 = {
						CreatedOnToolsVersion = 13.2.1;
						TestTargetID = 37CE031C2861F95500FF3814;
					};
				};
			};
			buildConfigurationList = 37CE03182861F95500FF3814 /* Build configuration list for PBXProject "GB-Course-CleanCode" */;
			compatibilityVersion = "Xcode 13.0";
			developmentRegion = en;
			hasScannedForEncodings = 0;
			knownRegions = (
				en,
				Base,
			);
			mainGroup = 37CE03142861F95500FF3814;
			productRefGroup = 37CE031E2861F95500FF3814 /* Products */;
			projectDirPath = "";
			projectRoot = "";
			targets = (
				37CE031C2861F95500FF3814 /* GB-Course-CleanCode */,
				37CE03322861F95800FF3814 /* GB-Course-CleanCodeTests */,
				37CE033C2861F95800FF3814 /* GB-Course-CleanCodeUITests */,
			);
		};
/* End PBXProject section */

/* Begin PBXResourcesBuildPhase section */
		37CE031B2861F95500FF3814 /* Resources */ = {
			isa = PBXResourcesBuildPhase;
			buildActionMask = 2147483647;
			files = (
				37CE032D2861F95800FF3814 /* LaunchScreen.storyboard in Resources */,
				37CE032A2861F95800FF3814 /* Assets.xcassets in Resources */,
			);
			runOnlyForDeploymentPostprocessing = 0;
		};
		37CE03312861F95800FF3814 /* Resources */ = {
			isa = PBXResourcesBuildPhase;
			buildActionMask = 2147483647;
			files = (
			);
			runOnlyForDeploymentPostprocessing = 0;
		};
		37CE033B2861F95800FF3814 /* Resources */ = {
			isa = PBXResourcesBuildPhase;
			buildActionMask = 2147483647;
			files = (
			);
			runOnlyForDeploymentPostprocessing = 0;
		};
/* End PBXResourcesBuildPhase section */

/* Begin PBXSourcesBuildPhase section */
		37CE03192861F95500FF3814 /* Sources */ = {
			isa = PBXSourcesBuildPhase;
			buildActionMask = 2147483647;
			files = (
				37CE03212861F95500FF3814 /* AppDelegate.swift in Sources */,
				37D8175E286B00A700D338F6 /* Registration.swift in Sources */,
				37CE03232861F95500FF3814 /* SceneDelegate.swift in Sources */,
				37D81762286B01DF00D338F6 /* Logout.swift in Sources */,
				37D81760286B00CA00D338F6 /* Authorization.swift in Sources */,
				37D81764286B020300D338F6 /* EditProfile.swift in Sources */,
			);
			runOnlyForDeploymentPostprocessing = 0;
		};
		37CE032F2861F95800FF3814 /* Sources */ = {
			isa = PBXSourcesBuildPhase;
			buildActionMask = 2147483647;
			files = (
				37D96E8F2875B4B700BB997E /* ReistrationTest.swift in Sources */,
				37D96E912876C83600BB997E /* AuthorizationTest.swift in Sources */,
				37CE03382861F95800FF3814 /* GB_Course_CleanCodeTests.swift in Sources */,
			);
			runOnlyForDeploymentPostprocessing = 0;
		};
		37CE03392861F95800FF3814 /* Sources */ = {
			isa = PBXSourcesBuildPhase;
			buildActionMask = 2147483647;
			files = (
				37CE03422861F95800FF3814 /* GB_Course_CleanCodeUITests.swift in Sources */,
				37CE03442861F95800FF3814 /* GB_Course_CleanCodeUITestsLaunchTests.swift in Sources */,
			);
			runOnlyForDeploymentPostprocessing = 0;
		};
/* End PBXSourcesBuildPhase section */

/* Begin PBXTargetDependency section */
		37CE03352861F95800FF3814 /* PBXTargetDependency */ = {
			isa = PBXTargetDependency;
			target = 37CE031C2861F95500FF3814 /* GB-Course-CleanCode */;
			targetProxy = 37CE03342861F95800FF3814 /* PBXContainerItemProxy */;
		};
		37CE033F2861F95800FF3814 /* PBXTargetDependency */ = {
			isa = PBXTargetDependency;
			target = 37CE031C2861F95500FF3814 /* GB-Course-CleanCode */;
			targetProxy = 37CE033E2861F95800FF3814 /* PBXContainerItemProxy */;
		};
/* End PBXTargetDependency section */

/* Begin PBXVariantGroup section */
		37CE032B2861F95800FF3814 /* LaunchScreen.storyboard */ = {
			isa = PBXVariantGroup;
			children = (
				37CE032C2861F95800FF3814 /* Base */,
			);
			name = LaunchScreen.storyboard;
			sourceTree = "<group>";
		};
/* End PBXVariantGroup section */

/* Begin XCBuildConfiguration section */
		37CE03452861F95800FF3814 /* Debug */ = {
			isa = XCBuildConfiguration;
			buildSettings = {
				ALWAYS_SEARCH_USER_PATHS = NO;
				CLANG_ANALYZER_NONNULL = YES;
				CLANG_ANALYZER_NUMBER_OBJECT_CONVERSION = YES_AGGRESSIVE;
				CLANG_CXX_LANGUAGE_STANDARD = "gnu++17";
				CLANG_CXX_LIBRARY = "libc++";
				CLANG_ENABLE_MODULES = YES;
				CLANG_ENABLE_OBJC_ARC = YES;
				CLANG_ENABLE_OBJC_WEAK = YES;
				CLANG_WARN_BLOCK_CAPTURE_AUTORELEASING = YES;
				CLANG_WARN_BOOL_CONVERSION = YES;
				CLANG_WARN_COMMA = YES;
				CLANG_WARN_CONSTANT_CONVERSION = YES;
				CLANG_WARN_DEPRECATED_OBJC_IMPLEMENTATIONS = YES;
				CLANG_WARN_DIRECT_OBJC_ISA_USAGE = YES_ERROR;
				CLANG_WARN_DOCUMENTATION_COMMENTS = YES;
				CLANG_WARN_EMPTY_BODY = YES;
				CLANG_WARN_ENUM_CONVERSION = YES;
				CLANG_WARN_INFINITE_RECURSION = YES;
				CLANG_WARN_INT_CONVERSION = YES;
				CLANG_WARN_NON_LITERAL_NULL_CONVERSION = YES;
				CLANG_WARN_OBJC_IMPLICIT_RETAIN_SELF = YES;
				CLANG_WARN_OBJC_LITERAL_CONVERSION = YES;
				CLANG_WARN_OBJC_ROOT_CLASS = YES_ERROR;
				CLANG_WARN_QUOTED_INCLUDE_IN_FRAMEWORK_HEADER = YES;
				CLANG_WARN_RANGE_LOOP_ANALYSIS = YES;
				CLANG_WARN_STRICT_PROTOTYPES = YES;
				CLANG_WARN_SUSPICIOUS_MOVE = YES;
				CLANG_WARN_UNGUARDED_AVAILABILITY = YES_AGGRESSIVE;
				CLANG_WARN_UNREACHABLE_CODE = YES;
				CLANG_WARN__DUPLICATE_METHOD_MATCH = YES;
				COPY_PHASE_STRIP = NO;
				DEBUG_INFORMATION_FORMAT = dwarf;
				ENABLE_STRICT_OBJC_MSGSEND = YES;
				ENABLE_TESTABILITY = YES;
				GCC_C_LANGUAGE_STANDARD = gnu11;
				GCC_DYNAMIC_NO_PIC = NO;
				GCC_NO_COMMON_BLOCKS = YES;
				GCC_OPTIMIZATION_LEVEL = 0;
				GCC_PREPROCESSOR_DEFINITIONS = (
					"DEBUG=1",
					"$(inherited)",
				);
				GCC_WARN_64_TO_32_BIT_CONVERSION = YES;
				GCC_WARN_ABOUT_RETURN_TYPE = YES_ERROR;
				GCC_WARN_UNDECLARED_SELECTOR = YES;
				GCC_WARN_UNINITIALIZED_AUTOS = YES_AGGRESSIVE;
				GCC_WARN_UNUSED_FUNCTION = YES;
				GCC_WARN_UNUSED_VARIABLE = YES;
				IPHONEOS_DEPLOYMENT_TARGET = 15.2;
				MTL_ENABLE_DEBUG_INFO = INCLUDE_SOURCE;
				MTL_FAST_MATH = YES;
				ONLY_ACTIVE_ARCH = YES;
				SDKROOT = iphoneos;
				SWIFT_ACTIVE_COMPILATION_CONDITIONS = DEBUG;
				SWIFT_OPTIMIZATION_LEVEL = "-Onone";
			};
			name = Debug;
		};
		37CE03462861F95800FF3814 /* Release */ = {
			isa = XCBuildConfiguration;
			buildSettings = {
				ALWAYS_SEARCH_USER_PATHS = NO;
				CLANG_ANALYZER_NONNULL = YES;
				CLANG_ANALYZER_NUMBER_OBJECT_CONVERSION = YES_AGGRESSIVE;
				CLANG_CXX_LANGUAGE_STANDARD = "gnu++17";
				CLANG_CXX_LIBRARY = "libc++";
				CLANG_ENABLE_MODULES = YES;
				CLANG_ENABLE_OBJC_ARC = YES;
				CLANG_ENABLE_OBJC_WEAK = YES;
				CLANG_WARN_BLOCK_CAPTURE_AUTORELEASING = YES;
				CLANG_WARN_BOOL_CONVERSION = YES;
				CLANG_WARN_COMMA = YES;
				CLANG_WARN_CONSTANT_CONVERSION = YES;
				CLANG_WARN_DEPRECATED_OBJC_IMPLEMENTATIONS = YES;
				CLANG_WARN_DIRECT_OBJC_ISA_USAGE = YES_ERROR;
				CLANG_WARN_DOCUMENTATION_COMMENTS = YES;
				CLANG_WARN_EMPTY_BODY = YES;
				CLANG_WARN_ENUM_CONVERSION = YES;
				CLANG_WARN_INFINITE_RECURSION = YES;
				CLANG_WARN_INT_CONVERSION = YES;
				CLANG_WARN_NON_LITERAL_NULL_CONVERSION = YES;
				CLANG_WARN_OBJC_IMPLICIT_RETAIN_SELF = YES;
				CLANG_WARN_OBJC_LITERAL_CONVERSION = YES;
				CLANG_WARN_OBJC_ROOT_CLASS = YES_ERROR;
				CLANG_WARN_QUOTED_INCLUDE_IN_FRAMEWORK_HEADER = YES;
				CLANG_WARN_RANGE_LOOP_ANALYSIS = YES;
				CLANG_WARN_STRICT_PROTOTYPES = YES;
				CLANG_WARN_SUSPICIOUS_MOVE = YES;
				CLANG_WARN_UNGUARDED_AVAILABILITY = YES_AGGRESSIVE;
				CLANG_WARN_UNREACHABLE_CODE = YES;
				CLANG_WARN__DUPLICATE_METHOD_MATCH = YES;
				COPY_PHASE_STRIP = NO;
				DEBUG_INFORMATION_FORMAT = "dwarf-with-dsym";
				ENABLE_NS_ASSERTIONS = NO;
				ENABLE_STRICT_OBJC_MSGSEND = YES;
				GCC_C_LANGUAGE_STANDARD = gnu11;
				GCC_NO_COMMON_BLOCKS = YES;
				GCC_WARN_64_TO_32_BIT_CONVERSION = YES;
				GCC_WARN_ABOUT_RETURN_TYPE = YES_ERROR;
				GCC_WARN_UNDECLARED_SELECTOR = YES;
				GCC_WARN_UNINITIALIZED_AUTOS = YES_AGGRESSIVE;
				GCC_WARN_UNUSED_FUNCTION = YES;
				GCC_WARN_UNUSED_VARIABLE = YES;
				IPHONEOS_DEPLOYMENT_TARGET = 15.2;
				MTL_ENABLE_DEBUG_INFO = NO;
				MTL_FAST_MATH = YES;
				SDKROOT = iphoneos;
				SWIFT_COMPILATION_MODE = wholemodule;
				SWIFT_OPTIMIZATION_LEVEL = "-O";
				VALIDATE_PRODUCT = YES;
			};
			name = Release;
		};
		37CE03482861F95800FF3814 /* Debug */ = {
			isa = XCBuildConfiguration;
			buildSettings = {
				ASSETCATALOG_COMPILER_APPICON_NAME = AppIcon;
				ASSETCATALOG_COMPILER_GLOBAL_ACCENT_COLOR_NAME = AccentColor;
				CODE_SIGN_STYLE = Automatic;
				CURRENT_PROJECT_VERSION = 1;
				DEVELOPMENT_TEAM = X8852RDP32;
				GENERATE_INFOPLIST_FILE = YES;
				INFOPLIST_FILE = "GB-Course-CleanCode/Environments/Info.plist";
				INFOPLIST_KEY_UIApplicationSupportsIndirectInputEvents = YES;
				INFOPLIST_KEY_UILaunchStoryboardName = LaunchScreen;
				INFOPLIST_KEY_UISupportedInterfaceOrientations_iPad = "UIInterfaceOrientationPortrait UIInterfaceOrientationPortraitUpsideDown UIInterfaceOrientationLandscapeLeft UIInterfaceOrientationLandscapeRight";
				INFOPLIST_KEY_UISupportedInterfaceOrientations_iPhone = "UIInterfaceOrientationPortrait UIInterfaceOrientationLandscapeLeft UIInterfaceOrientationLandscapeRight";
				LD_RUNPATH_SEARCH_PATHS = (
					"$(inherited)",
					"@executable_path/Frameworks",
				);
				MARKETING_VERSION = 1.0;
				PRODUCT_BUNDLE_IDENTIFIER = "ru.rus-volk.GB-Course-CleanCode";
				PRODUCT_NAME = "$(TARGET_NAME)";
				SWIFT_EMIT_LOC_STRINGS = YES;
				SWIFT_VERSION = 5.0;
				TARGETED_DEVICE_FAMILY = 1;
			};
			name = Debug;
		};
		37CE03492861F95800FF3814 /* Release */ = {
			isa = XCBuildConfiguration;
			buildSettings = {
				ASSETCATALOG_COMPILER_APPICON_NAME = AppIcon;
				ASSETCATALOG_COMPILER_GLOBAL_ACCENT_COLOR_NAME = AccentColor;
				CODE_SIGN_STYLE = Automatic;
				CURRENT_PROJECT_VERSION = 1;
				DEVELOPMENT_TEAM = X8852RDP32;
				GENERATE_INFOPLIST_FILE = YES;
				INFOPLIST_FILE = "GB-Course-CleanCode/Environments/Info.plist";
				INFOPLIST_KEY_UIApplicationSupportsIndirectInputEvents = YES;
				INFOPLIST_KEY_UILaunchStoryboardName = LaunchScreen;
				INFOPLIST_KEY_UISupportedInterfaceOrientations_iPad = "UIInterfaceOrientationPortrait UIInterfaceOrientationPortraitUpsideDown UIInterfaceOrientationLandscapeLeft UIInterfaceOrientationLandscapeRight";
				INFOPLIST_KEY_UISupportedInterfaceOrientations_iPhone = "UIInterfaceOrientationPortrait UIInterfaceOrientationLandscapeLeft UIInterfaceOrientationLandscapeRight";
				LD_RUNPATH_SEARCH_PATHS = (
					"$(inherited)",
					"@executable_path/Frameworks",
				);
				MARKETING_VERSION = 1.0;
				PRODUCT_BUNDLE_IDENTIFIER = "ru.rus-volk.GB-Course-CleanCode";
				PRODUCT_NAME = "$(TARGET_NAME)";
				SWIFT_EMIT_LOC_STRINGS = YES;
				SWIFT_VERSION = 5.0;
				TARGETED_DEVICE_FAMILY = 1;
			};
			name = Release;
		};
		37CE034B2861F95800FF3814 /* Debug */ = {
			isa = XCBuildConfiguration;
			buildSettings = {
				ALWAYS_EMBED_SWIFT_STANDARD_LIBRARIES = YES;
				BUNDLE_LOADER = "$(TEST_HOST)";
				CODE_SIGN_STYLE = Automatic;
				CURRENT_PROJECT_VERSION = 1;
				DEVELOPMENT_TEAM = X8852RDP32;
				GENERATE_INFOPLIST_FILE = YES;
				IPHONEOS_DEPLOYMENT_TARGET = 15.2;
				MARKETING_VERSION = 1.0;
				PRODUCT_BUNDLE_IDENTIFIER = "ru.rus-volk.GB-Course-CleanCodeTests";
				PRODUCT_NAME = "$(TARGET_NAME)";
				SWIFT_EMIT_LOC_STRINGS = NO;
				SWIFT_VERSION = 5.0;
				TARGETED_DEVICE_FAMILY = "1,2";
				TEST_HOST = "$(BUILT_PRODUCTS_DIR)/GB-Course-CleanCode.app/GB-Course-CleanCode";
			};
			name = Debug;
		};
		37CE034C2861F95800FF3814 /* Release */ = {
			isa = XCBuildConfiguration;
			buildSettings = {
				ALWAYS_EMBED_SWIFT_STANDARD_LIBRARIES = YES;
				BUNDLE_LOADER = "$(TEST_HOST)";
				CODE_SIGN_STYLE = Automatic;
				CURRENT_PROJECT_VERSION = 1;
				DEVELOPMENT_TEAM = X8852RDP32;
				GENERATE_INFOPLIST_FILE = YES;
				IPHONEOS_DEPLOYMENT_TARGET = 15.2;
				MARKETING_VERSION = 1.0;
				PRODUCT_BUNDLE_IDENTIFIER = "ru.rus-volk.GB-Course-CleanCodeTests";
				PRODUCT_NAME = "$(TARGET_NAME)";
				SWIFT_EMIT_LOC_STRINGS = NO;
				SWIFT_VERSION = 5.0;
				TARGETED_DEVICE_FAMILY = "1,2";
				TEST_HOST = "$(BUILT_PRODUCTS_DIR)/GB-Course-CleanCode.app/GB-Course-CleanCode";
			};
			name = Release;
		};
		37CE034E2861F95800FF3814 /* Debug */ = {
			isa = XCBuildConfiguration;
			buildSettings = {
				ALWAYS_EMBED_SWIFT_STANDARD_LIBRARIES = YES;
				CODE_SIGN_STYLE = Automatic;
				CURRENT_PROJECT_VERSION = 1;
				DEVELOPMENT_TEAM = X8852RDP32;
				GENERATE_INFOPLIST_FILE = YES;
				MARKETING_VERSION = 1.0;
				PRODUCT_BUNDLE_IDENTIFIER = "ru.rus-volk.GB-Course-CleanCodeUITests";
				PRODUCT_NAME = "$(TARGET_NAME)";
				SWIFT_EMIT_LOC_STRINGS = NO;
				SWIFT_VERSION = 5.0;
				TARGETED_DEVICE_FAMILY = "1,2";
				TEST_TARGET_NAME = "GB-Course-CleanCode";
			};
			name = Debug;
		};
		37CE034F2861F95800FF3814 /* Release */ = {
			isa = XCBuildConfiguration;
			buildSettings = {
				ALWAYS_EMBED_SWIFT_STANDARD_LIBRARIES = YES;
				CODE_SIGN_STYLE = Automatic;
				CURRENT_PROJECT_VERSION = 1;
				DEVELOPMENT_TEAM = X8852RDP32;
				GENERATE_INFOPLIST_FILE = YES;
				MARKETING_VERSION = 1.0;
				PRODUCT_BUNDLE_IDENTIFIER = "ru.rus-volk.GB-Course-CleanCodeUITests";
				PRODUCT_NAME = "$(TARGET_NAME)";
				SWIFT_EMIT_LOC_STRINGS = NO;
				SWIFT_VERSION = 5.0;
				TARGETED_DEVICE_FAMILY = "1,2";
				TEST_TARGET_NAME = "GB-Course-CleanCode";
			};
			name = Release;
		};
/* End XCBuildConfiguration section */

/* Begin XCConfigurationList section */
		37CE03182861F95500FF3814 /* Build configuration list for PBXProject "GB-Course-CleanCode" */ = {
			isa = XCConfigurationList;
			buildConfigurations = (
				37CE03452861F95800FF3814 /* Debug */,
				37CE03462861F95800FF3814 /* Release */,
			);
			defaultConfigurationIsVisible = 0;
			defaultConfigurationName = Release;
		};
		37CE03472861F95800FF3814 /* Build configuration list for PBXNativeTarget "GB-Course-CleanCode" */ = {
			isa = XCConfigurationList;
			buildConfigurations = (
				37CE03482861F95800FF3814 /* Debug */,
				37CE03492861F95800FF3814 /* Release */,
			);
			defaultConfigurationIsVisible = 0;
			defaultConfigurationName = Release;
		};
		37CE034A2861F95800FF3814 /* Build configuration list for PBXNativeTarget "GB-Course-CleanCodeTests" */ = {
			isa = XCConfigurationList;
			buildConfigurations = (
				37CE034B2861F95800FF3814 /* Debug */,
				37CE034C2861F95800FF3814 /* Release */,
			);
			defaultConfigurationIsVisible = 0;
			defaultConfigurationName = Release;
		};
		37CE034D2861F95800FF3814 /* Build configuration list for PBXNativeTarget "GB-Course-CleanCodeUITests" */ = {
			isa = XCConfigurationList;
			buildConfigurations = (
				37CE034E2861F95800FF3814 /* Debug */,
				37CE034F2861F95800FF3814 /* Release */,
			);
			defaultConfigurationIsVisible = 0;
			defaultConfigurationName = Release;
		};
/* End XCConfigurationList section */
	};
	rootObject = 37CE03152861F95500FF3814 /* Project object */;
}
