// !$*UTF8*$!
{
	archiveVersion = 1;
	classes = {
	};
	objectVersion = 55;
	objects = {

/* Begin PBXBuildFile section */
		37230685289C12F800570A88 /* AuthViewController.swift in Sources */ = {isa = PBXBuildFile; fileRef = 37230684289C12F800570A88 /* AuthViewController.swift */; };
		37230687289C131E00570A88 /* RegViewController.swift in Sources */ = {isa = PBXBuildFile; fileRef = 37230686289C131E00570A88 /* RegViewController.swift */; };
		37230689289C134500570A88 /* MerchTableViewController.swift in Sources */ = {isa = PBXBuildFile; fileRef = 37230688289C134500570A88 /* MerchTableViewController.swift */; };
		3723068B289C175100570A88 /* CartTableViewController.swift in Sources */ = {isa = PBXBuildFile; fileRef = 3723068A289C175100570A88 /* CartTableViewController.swift */; };
		3723068D289C176900570A88 /* FeedbackTableViewController.swift in Sources */ = {isa = PBXBuildFile; fileRef = 3723068C289C176800570A88 /* FeedbackTableViewController.swift */; };
		3723068F289C177E00570A88 /* MerchViewController.swift in Sources */ = {isa = PBXBuildFile; fileRef = 3723068E289C177E00570A88 /* MerchViewController.swift */; };
		3727BE4E28AB6FC700D6D327 /* ServerResponseAuth.swift in Sources */ = {isa = PBXBuildFile; fileRef = 3727BE4D28AB6FC700D6D327 /* ServerResponseAuth.swift */; };
		3727BE5028AB6FE200D6D327 /* ServerResponseReg.swift in Sources */ = {isa = PBXBuildFile; fileRef = 3727BE4F28AB6FE200D6D327 /* ServerResponseReg.swift */; };
		372BD8D028C3A6F6001F4EFE /* StockService.swift in Sources */ = {isa = PBXBuildFile; fileRef = 372BD8CF28C3A6F6001F4EFE /* StockService.swift */; };
		372BD8D228C3ADCC001F4EFE /* StockResponse.swift in Sources */ = {isa = PBXBuildFile; fileRef = 372BD8D128C3ADCC001F4EFE /* StockResponse.swift */; };
		375A07FF28C507F400F291C5 /* MerchService.swift in Sources */ = {isa = PBXBuildFile; fileRef = 375A07FE28C507F400F291C5 /* MerchService.swift */; };
		375A080128C5092700F291C5 /* MerchResponse.swift in Sources */ = {isa = PBXBuildFile; fileRef = 375A080028C5092700F291C5 /* MerchResponse.swift */; };
		376DE20628E9AF8300AAD8FB /* AddToCartResponse.swift in Sources */ = {isa = PBXBuildFile; fileRef = 376DE20528E9AF8300AAD8FB /* AddToCartResponse.swift */; };
		376DE20828E9C04500AAD8FB /* PayBasketResponse.swift in Sources */ = {isa = PBXBuildFile; fileRef = 376DE20728E9C04500AAD8FB /* PayBasketResponse.swift */; };
		3779283C28ABE62D000EDAC8 /* EditPersonalDataService.swift in Sources */ = {isa = PBXBuildFile; fileRef = 3779283B28ABE62D000EDAC8 /* EditPersonalDataService.swift */; };
		3779283E28ABEEBD000EDAC8 /* ServerResponseEdit.swift in Sources */ = {isa = PBXBuildFile; fileRef = 3779283D28ABEEBD000EDAC8 /* ServerResponseEdit.swift */; };
		37A331F1289FC49400E9BAF3 /* AuthorizationService.swift in Sources */ = {isa = PBXBuildFile; fileRef = 37A331F0289FC49400E9BAF3 /* AuthorizationService.swift */; };
		37A331F328A0298100E9BAF3 /* PersonalViewController.swift in Sources */ = {isa = PBXBuildFile; fileRef = 37A331F228A0298100E9BAF3 /* PersonalViewController.swift */; };
		37A71646289BD24800757D2C /* Main.storyboard in Resources */ = {isa = PBXBuildFile; fileRef = 37A71648289BD24800757D2C /* Main.storyboard */; };
		37B33FDC28A92E4200A3C48D /* CurrentUserData.swift in Sources */ = {isa = PBXBuildFile; fileRef = 37B33FDB28A92E4200A3C48D /* CurrentUserData.swift */; };
		37BEF24A289D014F00F685B5 /* RegistrationService.swift in Sources */ = {isa = PBXBuildFile; fileRef = 37BEF249289D014F00F685B5 /* RegistrationService.swift */; };
		37BF3B32289BCA320033D752 /* StartViewController.swift in Sources */ = {isa = PBXBuildFile; fileRef = 37BF3B31289BCA320033D752 /* StartViewController.swift */; };
		37CE03212861F95500FF3814 /* AppDelegate.swift in Sources */ = {isa = PBXBuildFile; fileRef = 37CE03202861F95500FF3814 /* AppDelegate.swift */; };
		37CE03232861F95500FF3814 /* SceneDelegate.swift in Sources */ = {isa = PBXBuildFile; fileRef = 37CE03222861F95500FF3814 /* SceneDelegate.swift */; };
		37CE032A2861F95800FF3814 /* Assets.xcassets in Resources */ = {isa = PBXBuildFile; fileRef = 37CE03292861F95800FF3814 /* Assets.xcassets */; };
		37CE032D2861F95800FF3814 /* LaunchScreen.storyboard in Resources */ = {isa = PBXBuildFile; fileRef = 37CE032B2861F95800FF3814 /* LaunchScreen.storyboard */; };
		37CE03382861F95800FF3814 /* GB_Course_CleanCodeTests.swift in Sources */ = {isa = PBXBuildFile; fileRef = 37CE03372861F95800FF3814 /* GB_Course_CleanCodeTests.swift */; };
		37CE03422861F95800FF3814 /* GB_Course_CleanCodeUITests.swift in Sources */ = {isa = PBXBuildFile; fileRef = 37CE03412861F95800FF3814 /* GB_Course_CleanCodeUITests.swift */; };
		37CE03442861F95800FF3814 /* GB_Course_CleanCodeUITestsLaunchTests.swift in Sources */ = {isa = PBXBuildFile; fileRef = 37CE03432861F95800FF3814 /* GB_Course_CleanCodeUITestsLaunchTests.swift */; };
		37D96E8F2875B4B700BB997E /* ReistrationTest.swift in Sources */ = {isa = PBXBuildFile; fileRef = 37D96E8E2875B4B700BB997E /* ReistrationTest.swift */; };
		37D96E912876C83600BB997E /* AuthorizationTest.swift in Sources */ = {isa = PBXBuildFile; fileRef = 37D96E902876C83600BB997E /* AuthorizationTest.swift */; };
		37E6078928C8F334002DF610 /* PayBasketService.swift in Sources */ = {isa = PBXBuildFile; fileRef = 37E6078828C8F334002DF610 /* PayBasketService.swift */; };
		37E6078B28C8F3A3002DF610 /* AddToCartService.swift in Sources */ = {isa = PBXBuildFile; fileRef = 37E6078A28C8F3A3002DF610 /* AddToCartService.swift */; };
		37E6078D28C8F3DB002DF610 /* DeleteFromCartService.swift in Sources */ = {isa = PBXBuildFile; fileRef = 37E6078C28C8F3DB002DF610 /* DeleteFromCartService.swift */; };
/* End PBXBuildFile section */

/* Begin PBXContainerItemProxy section */
		37CE03342861F95800FF3814 /* PBXContainerItemProxy */ = {
			isa = PBXContainerItemProxy;
			containerPortal = 37CE03152861F95500FF3814 /* Project object */;
			proxyType = 1;
			remoteGlobalIDString = 37CE031C2861F95500FF3814;
			remoteInfo = "GB-Course-CleanCode";
		};
		37CE033E2861F95800FF3814 /* PBXContainerItemProxy */ = {
			isa = PBXContainerItemProxy;
			containerPortal = 37CE03152861F95500FF3814 /* Project object */;
			proxyType = 1;
			remoteGlobalIDString = 37CE031C2861F95500FF3814;
			remoteInfo = "GB-Course-CleanCode";
		};
/* End PBXContainerItemProxy section */

/* Begin PBXFileReference section */
		37230684289C12F800570A88 /* AuthViewController.swift */ = {isa = PBXFileReference; lastKnownFileType = sourcecode.swift; path = AuthViewController.swift; sourceTree = "<group>"; };
		37230686289C131E00570A88 /* RegViewController.swift */ = {isa = PBXFileReference; lastKnownFileType = sourcecode.swift; path = RegViewController.swift; sourceTree = "<group>"; };
		37230688289C134500570A88 /* MerchTableViewController.swift */ = {isa = PBXFileReference; lastKnownFileType = sourcecode.swift; path = MerchTableViewController.swift; sourceTree = "<group>"; };
		3723068A289C175100570A88 /* CartTableViewController.swift */ = {isa = PBXFileReference; lastKnownFileType = sourcecode.swift; path = CartTableViewController.swift; sourceTree = "<group>"; };
		3723068C289C176800570A88 /* FeedbackTableViewController.swift */ = {isa = PBXFileReference; lastKnownFileType = sourcecode.swift; path = FeedbackTableViewController.swift; sourceTree = "<group>"; };
		3723068E289C177E00570A88 /* MerchViewController.swift */ = {isa = PBXFileReference; lastKnownFileType = sourcecode.swift; path = MerchViewController.swift; sourceTree = "<group>"; };
		3727BE4D28AB6FC700D6D327 /* ServerResponseAuth.swift */ = {isa = PBXFileReference; lastKnownFileType = sourcecode.swift; path = ServerResponseAuth.swift; sourceTree = "<group>"; };
		3727BE4F28AB6FE200D6D327 /* ServerResponseReg.swift */ = {isa = PBXFileReference; lastKnownFileType = sourcecode.swift; path = ServerResponseReg.swift; sourceTree = "<group>"; };
		372BD8CF28C3A6F6001F4EFE /* StockService.swift */ = {isa = PBXFileReference; lastKnownFileType = sourcecode.swift; path = StockService.swift; sourceTree = "<group>"; };
		372BD8D128C3ADCC001F4EFE /* StockResponse.swift */ = {isa = PBXFileReference; lastKnownFileType = sourcecode.swift; path = StockResponse.swift; sourceTree = "<group>"; };
		375A07FE28C507F400F291C5 /* MerchService.swift */ = {isa = PBXFileReference; lastKnownFileType = sourcecode.swift; path = MerchService.swift; sourceTree = "<group>"; };
		375A080028C5092700F291C5 /* MerchResponse.swift */ = {isa = PBXFileReference; lastKnownFileType = sourcecode.swift; path = MerchResponse.swift; sourceTree = "<group>"; };
		376DE20528E9AF8300AAD8FB /* AddToCartResponse.swift */ = {isa = PBXFileReference; lastKnownFileType = sourcecode.swift; path = AddToCartResponse.swift; sourceTree = "<group>"; };
		376DE20728E9C04500AAD8FB /* PayBasketResponse.swift */ = {isa = PBXFileReference; lastKnownFileType = sourcecode.swift; path = PayBasketResponse.swift; sourceTree = "<group>"; };
		3779283B28ABE62D000EDAC8 /* EditPersonalDataService.swift */ = {isa = PBXFileReference; lastKnownFileType = sourcecode.swift; path = EditPersonalDataService.swift; sourceTree = "<group>"; };
		3779283D28ABEEBD000EDAC8 /* ServerResponseEdit.swift */ = {isa = PBXFileReference; lastKnownFileType = sourcecode.swift; path = ServerResponseEdit.swift; sourceTree = "<group>"; };
		37A331F0289FC49400E9BAF3 /* AuthorizationService.swift */ = {isa = PBXFileReference; lastKnownFileType = sourcecode.swift; path = AuthorizationService.swift; sourceTree = "<group>"; };
		37A331F228A0298100E9BAF3 /* PersonalViewController.swift */ = {isa = PBXFileReference; lastKnownFileType = sourcecode.swift; path = PersonalViewController.swift; sourceTree = "<group>"; };
		37A71647289BD24800757D2C /* Base */ = {isa = PBXFileReference; lastKnownFileType = file.storyboard; name = Base; path = Base.lproj/Main.storyboard; sourceTree = "<group>"; };
		37B33FDB28A92E4200A3C48D /* CurrentUserData.swift */ = {isa = PBXFileReference; lastKnownFileType = sourcecode.swift; path = CurrentUserData.swift; sourceTree = "<group>"; };
		37BEF249289D014F00F685B5 /* RegistrationService.swift */ = {isa = PBXFileReference; lastKnownFileType = sourcecode.swift; path = RegistrationService.swift; sourceTree = "<group>"; };
		37BF3B31289BCA320033D752 /* StartViewController.swift */ = {isa = PBXFileReference; lastKnownFileType = sourcecode.swift; path = StartViewController.swift; sourceTree = "<group>"; };
		37CE031D2861F95500FF3814 /* GB-Course-CleanCode.app */ = {isa = PBXFileReference; explicitFileType = wrapper.application; includeInIndex = 0; path = "GB-Course-CleanCode.app"; sourceTree = BUILT_PRODUCTS_DIR; };
		37CE03202861F95500FF3814 /* AppDelegate.swift */ = {isa = PBXFileReference; lastKnownFileType = sourcecode.swift; path = AppDelegate.swift; sourceTree = "<group>"; };
		37CE03222861F95500FF3814 /* SceneDelegate.swift */ = {isa = PBXFileReference; lastKnownFileType = sourcecode.swift; path = SceneDelegate.swift; sourceTree = "<group>"; };
		37CE03292861F95800FF3814 /* Assets.xcassets */ = {isa = PBXFileReference; lastKnownFileType = folder.assetcatalog; path = Assets.xcassets; sourceTree = "<group>"; };
		37CE032C2861F95800FF3814 /* Base */ = {isa = PBXFileReference; lastKnownFileType = file.storyboard; name = Base; path = Base.lproj/LaunchScreen.storyboard; sourceTree = "<group>"; };
		37CE032E2861F95800FF3814 /* Info.plist */ = {isa = PBXFileReference; lastKnownFileType = text.plist.xml; path = Info.plist; sourceTree = "<group>"; };
		37CE03332861F95800FF3814 /* GB-Course-CleanCodeTests.xctest */ = {isa = PBXFileReference; explicitFileType = wrapper.cfbundle; includeInIndex = 0; path = "GB-Course-CleanCodeTests.xctest"; sourceTree = BUILT_PRODUCTS_DIR; };
		37CE03372861F95800FF3814 /* GB_Course_CleanCodeTests.swift */ = {isa = PBXFileReference; lastKnownFileType = sourcecode.swift; path = GB_Course_CleanCodeTests.swift; sourceTree = "<group>"; };
		37CE033D2861F95800FF3814 /* GB-Course-CleanCodeUITests.xctest */ = {isa = PBXFileReference; explicitFileType = wrapper.cfbundle; includeInIndex = 0; path = "GB-Course-CleanCodeUITests.xctest"; sourceTree = BUILT_PRODUCTS_DIR; };
		37CE03412861F95800FF3814 /* GB_Course_CleanCodeUITests.swift */ = {isa = PBXFileReference; lastKnownFileType = sourcecode.swift; path = GB_Course_CleanCodeUITests.swift; sourceTree = "<group>"; };
		37CE03432861F95800FF3814 /* GB_Course_CleanCodeUITestsLaunchTests.swift */ = {isa = PBXFileReference; lastKnownFileType = sourcecode.swift; path = GB_Course_CleanCodeUITestsLaunchTests.swift; sourceTree = "<group>"; };
		37D96E8E2875B4B700BB997E /* ReistrationTest.swift */ = {isa = PBXFileReference; lastKnownFileType = sourcecode.swift; path = ReistrationTest.swift; sourceTree = "<group>"; };
		37D96E902876C83600BB997E /* AuthorizationTest.swift */ = {isa = PBXFileReference; lastKnownFileType = sourcecode.swift; path = AuthorizationTest.swift; sourceTree = "<group>"; };
		37E6078828C8F334002DF610 /* PayBasketService.swift */ = {isa = PBXFileReference; lastKnownFileType = sourcecode.swift; path = PayBasketService.swift; sourceTree = "<group>"; };
		37E6078A28C8F3A3002DF610 /* AddToCartService.swift */ = {isa = PBXFileReference; lastKnownFileType = sourcecode.swift; path = AddToCartService.swift; sourceTree = "<group>"; };
		37E6078C28C8F3DB002DF610 /* DeleteFromCartService.swift */ = {isa = PBXFileReference; lastKnownFileType = sourcecode.swift; path = DeleteFromCartService.swift; sourceTree = "<group>"; };
/* End PBXFileReference section */

/* Begin PBXFrameworksBuildPhase section */
		37CE031A2861F95500FF3814 /* Frameworks */ = {
			isa = PBXFrameworksBuildPhase;
			buildActionMask = 2147483647;
			files = (
			);
			runOnlyForDeploymentPostprocessing = 0;
		};
		37CE03302861F95800FF3814 /* Frameworks */ = {
			isa = PBXFrameworksBuildPhase;
			buildActionMask = 2147483647;
			files = (
			);
			runOnlyForDeploymentPostprocessing = 0;
		};
		37CE033A2861F95800FF3814 /* Frameworks */ = {
			isa = PBXFrameworksBuildPhase;
			buildActionMask = 2147483647;
			files = (
			);
			runOnlyForDeploymentPostprocessing = 0;
		};
/* End PBXFrameworksBuildPhase section */

/* Begin PBXGroup section */
		372901F72862090B003F72D8 /* App */ = {
			isa = PBXGroup;
			children = (
				372901FB28620951003F72D8 /* BusinessLogic */,
				37F2C9AD28E361B700B8C1D3 /* Entity */,
				372901FD2862096C003F72D8 /* Assembly */,
				372901FE28620978003F72D8 /* Flows */,
			);
			path = App;
			sourceTree = "<group>";
		};
		372901F828620917003F72D8 /* Core */ = {
			isa = PBXGroup;
			children = (
				37CE03202861F95500FF3814 /* AppDelegate.swift */,
				37CE03222861F95500FF3814 /* SceneDelegate.swift */,
			);
			path = Core;
			sourceTree = "<group>";
		};
		372901F928620929003F72D8 /* Resources */ = {
			isa = PBXGroup;
			children = (
				37CE03292861F95800FF3814 /* Assets.xcassets */,
			);
			path = Resources;
			sourceTree = "<group>";
		};
		372901FA2862093D003F72D8 /* Environments */ = {
			isa = PBXGroup;
			children = (
				37CE032E2861F95800FF3814 /* Info.plist */,
			);
			path = Environments;
			sourceTree = "<group>";
		};
		372901FB28620951003F72D8 /* BusinessLogic */ = {
			isa = PBXGroup;
			children = (
				37BEF249289D014F00F685B5 /* RegistrationService.swift */,
				37A331F0289FC49400E9BAF3 /* AuthorizationService.swift */,
				37B33FDB28A92E4200A3C48D /* CurrentUserData.swift */,
				3727BE4D28AB6FC700D6D327 /* ServerResponseAuth.swift */,
				3727BE4F28AB6FE200D6D327 /* ServerResponseReg.swift */,
				3779283B28ABE62D000EDAC8 /* EditPersonalDataService.swift */,
				3779283D28ABEEBD000EDAC8 /* ServerResponseEdit.swift */,
				372BD8CF28C3A6F6001F4EFE /* StockService.swift */,
				372BD8D128C3ADCC001F4EFE /* StockResponse.swift */,
				375A07FE28C507F400F291C5 /* MerchService.swift */,
				375A080028C5092700F291C5 /* MerchResponse.swift */,
				37E6078828C8F334002DF610 /* PayBasketService.swift */,
				376DE20728E9C04500AAD8FB /* PayBasketResponse.swift */,
				37E6078A28C8F3A3002DF610 /* AddToCartService.swift */,
				376DE20528E9AF8300AAD8FB /* AddToCartResponse.swift */,
				37E6078C28C8F3DB002DF610 /* DeleteFromCartService.swift */,
			);
			path = BusinessLogic;
			sourceTree = "<group>";
		};
		372901FD2862096C003F72D8 /* Assembly */ = {
			isa = PBXGroup;
			children = (
			);
			path = Assembly;
			sourceTree = "<group>";
		};
		372901FE28620978003F72D8 /* Flows */ = {
			isa = PBXGroup;
			children = (
				37BF3B31289BCA320033D752 /* StartViewController.swift */,
				37230684289C12F800570A88 /* AuthViewController.swift */,
				37230686289C131E00570A88 /* RegViewController.swift */,
				37230688289C134500570A88 /* MerchTableViewController.swift */,
				3723068E289C177E00570A88 /* MerchViewController.swift */,
				3723068A289C175100570A88 /* CartTableViewController.swift */,
				3723068C289C176800570A88 /* FeedbackTableViewController.swift */,
				37CE032B2861F95800FF3814 /* LaunchScreen.storyboard */,
				37A71648289BD24800757D2C /* Main.storyboard */,
				37A331F228A0298100E9BAF3 /* PersonalViewController.swift */,
			);
			path = Flows;
			sourceTree = "<group>";
		};
		37CE03142861F95500FF3814 = {
			isa = PBXGroup;
			children = (
				37CE031F2861F95500FF3814 /* GB-Course-CleanCode */,
				37CE03362861F95800FF3814 /* GB-Course-CleanCodeTests */,
				37CE03402861F95800FF3814 /* GB-Course-CleanCodeUITests */,
				37CE031E2861F95500FF3814 /* Products */,
			);
			sourceTree = "<group>";
		};
		37CE031E2861F95500FF3814 /* Products */ = {
			isa = PBXGroup;
			children = (
				37CE031D2861F95500FF3814 /* GB-Course-CleanCode.app */,
				37CE03332861F95800FF3814 /* GB-Course-CleanCodeTests.xctest */,
				37CE033D2861F95800FF3814 /* GB-Course-CleanCodeUITests.xctest */,
			);
			name = Products;
			sourceTree = "<group>";
		};
		37CE031F2861F95500FF3814 /* GB-Course-CleanCode */ = {
			isa = PBXGroup;
			children = (
				372901F72862090B003F72D8 /* App */,
				372901F828620917003F72D8 /* Core */,
				372901F928620929003F72D8 /* Resources */,
				372901FA2862093D003F72D8 /* Environments */,
			);
			path = "GB-Course-CleanCode";
			sourceTree = "<group>";
		};
		37CE03362861F95800FF3814 /* GB-Course-CleanCodeTests */ = {
			isa = PBXGroup;
			children = (
				37CE03372861F95800FF3814 /* GB_Course_CleanCodeTests.swift */,
				37D96E8E2875B4B700BB997E /* ReistrationTest.swift */,
				37D96E902876C83600BB997E /* AuthorizationTest.swift */,
			);
			path = "GB-Course-CleanCodeTests";
			sourceTree = "<group>";
		};
		37CE03402861F95800FF3814 /* GB-Course-CleanCodeUITests */ = {
			isa = PBXGroup;
			children = (
				37CE03412861F95800FF3814 /* GB_Course_CleanCodeUITests.swift */,
				37CE03432861F95800FF3814 /* GB_Course_CleanCodeUITestsLaunchTests.swift */,
			);
			path = "GB-Course-CleanCodeUITests";
			sourceTree = "<group>";
		};
		37F2C9AD28E361B700B8C1D3 /* Entity */ = {
			isa = PBXGroup;
			children = (
			);
			path = Entity;
			sourceTree = "<group>";
		};
/* End PBXGroup section */

/* Begin PBXNativeTarget section */
		37CE031C2861F95500FF3814 /* GB-Course-CleanCode */ = {
			isa = PBXNativeTarget;
			buildConfigurationList = 37CE03472861F95800FF3814 /* Build configuration list for PBXNativeTarget "GB-Course-CleanCode" */;
			buildPhases = (
				37CE03192861F95500FF3814 /* Sources */,
				37CE031A2861F95500FF3814 /* Frameworks */,
				37CE031B2861F95500FF3814 /* Resources */,
			);
			buildRules = (
			);
			dependencies = (
			);
			name = "GB-Course-CleanCode";
			productName = "GB-Course-CleanCode";
			productReference = 37CE031D2861F95500FF3814 /* GB-Course-CleanCode.app */;
			productType = "com.apple.product-type.application";
		};
		37CE03322861F95800FF3814 /* GB-Course-CleanCodeTests */ = {
			isa = PBXNativeTarget;
			buildConfigurationList = 37CE034A2861F95800FF3814 /* Build configuration list for PBXNativeTarget "GB-Course-CleanCodeTests" */;
			buildPhases = (
				37CE032F2861F95800FF3814 /* Sources */,
				37CE03302861F95800FF3814 /* Frameworks */,
				37CE03312861F95800FF3814 /* Resources */,
			);
			buildRules = (
			);
			dependencies = (
				37CE03352861F95800FF3814 /* PBXTargetDependency */,
			);
			name = "GB-Course-CleanCodeTests";
			productName = "GB-Course-CleanCodeTests";
			productReference = 37CE03332861F95800FF3814 /* GB-Course-CleanCodeTests.xctest */;
			productType = "com.apple.product-type.bundle.unit-test";
		};
		37CE033C2861F95800FF3814 /* GB-Course-CleanCodeUITests */ = {
			isa = PBXNativeTarget;
			buildConfigurationList = 37CE034D2861F95800FF3814 /* Build configuration list for PBXNativeTarget "GB-Course-CleanCodeUITests" */;
			buildPhases = (
				37CE03392861F95800FF3814 /* Sources */,
				37CE033A2861F95800FF3814 /* Frameworks */,
				37CE033B2861F95800FF3814 /* Resources */,
			);
			buildRules = (
			);
			dependencies = (
				37CE033F2861F95800FF3814 /* PBXTargetDependency */,
			);
			name = "GB-Course-CleanCodeUITests";
			productName = "GB-Course-CleanCodeUITests";
			productReference = 37CE033D2861F95800FF3814 /* GB-Course-CleanCodeUITests.xctest */;
			productType = "com.apple.product-type.bundle.ui-testing";
		};
/* End PBXNativeTarget section */

/* Begin PBXProject section */
		37CE03152861F95500FF3814 /* Project object */ = {
			isa = PBXProject;
			attributes = {
				BuildIndependentTargetsInParallel = 1;
				LastSwiftUpdateCheck = 1320;
				LastUpgradeCheck = 1320;
				TargetAttributes = {
					37CE031C2861F95500FF3814 = {
						CreatedOnToolsVersion = 13.2.1;
					};
					37CE03322861F95800FF3814 = {
						CreatedOnToolsVersion = 13.2.1;
						TestTargetID = 37CE031C2861F95500FF3814;
					};
					37CE033C2861F95800FF3814 = {
						CreatedOnToolsVersion = 13.2.1;
						TestTargetID = 37CE031C2861F95500FF3814;
					};
				};
			};
			buildConfigurationList = 37CE03182861F95500FF3814 /* Build configuration list for PBXProject "GB-Course-CleanCode" */;
			compatibilityVersion = "Xcode 13.0";
			developmentRegion = en;
			hasScannedForEncodings = 0;
			knownRegions = (
				en,
				Base,
			);
			mainGroup = 37CE03142861F95500FF3814;
			productRefGroup = 37CE031E2861F95500FF3814 /* Products */;
			projectDirPath = "";
			projectRoot = "";
			targets = (
				37CE031C2861F95500FF3814 /* GB-Course-CleanCode */,
				37CE03322861F95800FF3814 /* GB-Course-CleanCodeTests */,
				37CE033C2861F95800FF3814 /* GB-Course-CleanCodeUITests */,
			);
		};
/* End PBXProject section */

/* Begin PBXResourcesBuildPhase section */
		37CE031B2861F95500FF3814 /* Resources */ = {
			isa = PBXResourcesBuildPhase;
			buildActionMask = 2147483647;
			files = (
				37A71646289BD24800757D2C /* Main.storyboard in Resources */,
				37CE032D2861F95800FF3814 /* LaunchScreen.storyboard in Resources */,
				37CE032A2861F95800FF3814 /* Assets.xcassets in Resources */,
			);
			runOnlyForDeploymentPostprocessing = 0;
		};
		37CE03312861F95800FF3814 /* Resources */ = {
			isa = PBXResourcesBuildPhase;
			buildActionMask = 2147483647;
			files = (
			);
			runOnlyForDeploymentPostprocessing = 0;
		};
		37CE033B2861F95800FF3814 /* Resources */ = {
			isa = PBXResourcesBuildPhase;
			buildActionMask = 2147483647;
			files = (
			);
			runOnlyForDeploymentPostprocessing = 0;
		};
/* End PBXResourcesBuildPhase section */

/* Begin PBXSourcesBuildPhase section */
		37CE03192861F95500FF3814 /* Sources */ = {
			isa = PBXSourcesBuildPhase;
			buildActionMask = 2147483647;
			files = (
				3723068F289C177E00570A88 /* MerchViewController.swift in Sources */,
				372BD8D228C3ADCC001F4EFE /* StockResponse.swift in Sources */,
				37CE03212861F95500FF3814 /* AppDelegate.swift in Sources */,
				376DE20628E9AF8300AAD8FB /* AddToCartResponse.swift in Sources */,
				3727BE5028AB6FE200D6D327 /* ServerResponseReg.swift in Sources */,
				376DE20828E9C04500AAD8FB /* PayBasketResponse.swift in Sources */,
				37A331F328A0298100E9BAF3 /* PersonalViewController.swift in Sources */,
				3723068B289C175100570A88 /* CartTableViewController.swift in Sources */,
				37B33FDC28A92E4200A3C48D /* CurrentUserData.swift in Sources */,
				3779283E28ABEEBD000EDAC8 /* ServerResponseEdit.swift in Sources */,
				3727BE4E28AB6FC700D6D327 /* ServerResponseAuth.swift in Sources */,
				375A07FF28C507F400F291C5 /* MerchService.swift in Sources */,
				37BF3B32289BCA320033D752 /* StartViewController.swift in Sources */,
				3723068D289C176900570A88 /* FeedbackTableViewController.swift in Sources */,
				37BEF24A289D014F00F685B5 /* RegistrationService.swift in Sources */,
				37E6078B28C8F3A3002DF610 /* AddToCartService.swift in Sources */,
				37A331F1289FC49400E9BAF3 /* AuthorizationService.swift in Sources */,
				37E6078928C8F334002DF610 /* PayBasketService.swift in Sources */,
				37E6078D28C8F3DB002DF610 /* DeleteFromCartService.swift in Sources */,
				375A080128C5092700F291C5 /* MerchResponse.swift in Sources */,
				37CE03232861F95500FF3814 /* SceneDelegate.swift in Sources */,
				372BD8D028C3A6F6001F4EFE /* StockService.swift in Sources */,
				3779283C28ABE62D000EDAC8 /* EditPersonalDataService.swift in Sources */,
				37230685289C12F800570A88 /* AuthViewController.swift in Sources */,
				37230689289C134500570A88 /* MerchTableViewController.swift in Sources */,
				37230687289C131E00570A88 /* RegViewController.swift in Sources */,
			);
			runOnlyForDeploymentPostprocessing = 0;
		};
		37CE032F2861F95800FF3814 /* Sources */ = {
			isa = PBXSourcesBuildPhase;
			buildActionMask = 2147483647;
			files = (
				37D96E8F2875B4B700BB997E /* ReistrationTest.swift in Sources */,
				37D96E912876C83600BB997E /* AuthorizationTest.swift in Sources */,
				37CE03382861F95800FF3814 /* GB_Course_CleanCodeTests.swift in Sources */,
			);
			runOnlyForDeploymentPostprocessing = 0;
		};
		37CE03392861F95800FF3814 /* Sources */ = {
			isa = PBXSourcesBuildPhase;
			buildActionMask = 2147483647;
			files = (
				37CE03422861F95800FF3814 /* GB_Course_CleanCodeUITests.swift in Sources */,
				37CE03442861F95800FF3814 /* GB_Course_CleanCodeUITestsLaunchTests.swift in Sources */,
			);
			runOnlyForDeploymentPostprocessing = 0;
		};
/* End PBXSourcesBuildPhase section */

/* Begin PBXTargetDependency section */
		37CE03352861F95800FF3814 /* PBXTargetDependency */ = {
			isa = PBXTargetDependency;
			target = 37CE031C2861F95500FF3814 /* GB-Course-CleanCode */;
			targetProxy = 37CE03342861F95800FF3814 /* PBXContainerItemProxy */;
		};
		37CE033F2861F95800FF3814 /* PBXTargetDependency */ = {
			isa = PBXTargetDependency;
			target = 37CE031C2861F95500FF3814 /* GB-Course-CleanCode */;
			targetProxy = 37CE033E2861F95800FF3814 /* PBXContainerItemProxy */;
		};
/* End PBXTargetDependency section */

/* Begin PBXVariantGroup section */
		37A71648289BD24800757D2C /* Main.storyboard */ = {
			isa = PBXVariantGroup;
			children = (
				37A71647289BD24800757D2C /* Base */,
			);
			name = Main.storyboard;
			sourceTree = "<group>";
		};
		37CE032B2861F95800FF3814 /* LaunchScreen.storyboard */ = {
			isa = PBXVariantGroup;
			children = (
				37CE032C2861F95800FF3814 /* Base */,
			);
			name = LaunchScreen.storyboard;
			sourceTree = "<group>";
		};
/* End PBXVariantGroup section */

/* Begin XCBuildConfiguration section */
		37CE03452861F95800FF3814 /* Debug */ = {
			isa = XCBuildConfiguration;
			buildSettings = {
				ALWAYS_SEARCH_USER_PATHS = NO;
				CLANG_ANALYZER_NONNULL = YES;
				CLANG_ANALYZER_NUMBER_OBJECT_CONVERSION = YES_AGGRESSIVE;
				CLANG_CXX_LANGUAGE_STANDARD = "gnu++17";
				CLANG_CXX_LIBRARY = "libc++";
				CLANG_ENABLE_MODULES = YES;
				CLANG_ENABLE_OBJC_ARC = YES;
				CLANG_ENABLE_OBJC_WEAK = YES;
				CLANG_WARN_BLOCK_CAPTURE_AUTORELEASING = YES;
				CLANG_WARN_BOOL_CONVERSION = YES;
				CLANG_WARN_COMMA = YES;
				CLANG_WARN_CONSTANT_CONVERSION = YES;
				CLANG_WARN_DEPRECATED_OBJC_IMPLEMENTATIONS = YES;
				CLANG_WARN_DIRECT_OBJC_ISA_USAGE = YES_ERROR;
				CLANG_WARN_DOCUMENTATION_COMMENTS = YES;
				CLANG_WARN_EMPTY_BODY = YES;
				CLANG_WARN_ENUM_CONVERSION = YES;
				CLANG_WARN_INFINITE_RECURSION = YES;
				CLANG_WARN_INT_CONVERSION = YES;
				CLANG_WARN_NON_LITERAL_NULL_CONVERSION = YES;
				CLANG_WARN_OBJC_IMPLICIT_RETAIN_SELF = YES;
				CLANG_WARN_OBJC_LITERAL_CONVERSION = YES;
				CLANG_WARN_OBJC_ROOT_CLASS = YES_ERROR;
				CLANG_WARN_QUOTED_INCLUDE_IN_FRAMEWORK_HEADER = YES;
				CLANG_WARN_RANGE_LOOP_ANALYSIS = YES;
				CLANG_WARN_STRICT_PROTOTYPES = YES;
				CLANG_WARN_SUSPICIOUS_MOVE = YES;
				CLANG_WARN_UNGUARDED_AVAILABILITY = YES_AGGRESSIVE;
				CLANG_WARN_UNREACHABLE_CODE = YES;
				CLANG_WARN__DUPLICATE_METHOD_MATCH = YES;
				COPY_PHASE_STRIP = NO;
				DEBUG_INFORMATION_FORMAT = dwarf;
				ENABLE_STRICT_OBJC_MSGSEND = YES;
				ENABLE_TESTABILITY = YES;
				GCC_C_LANGUAGE_STANDARD = gnu11;
				GCC_DYNAMIC_NO_PIC = NO;
				GCC_NO_COMMON_BLOCKS = YES;
				GCC_OPTIMIZATION_LEVEL = 0;
				GCC_PREPROCESSOR_DEFINITIONS = (
					"DEBUG=1",
					"$(inherited)",
				);
				GCC_WARN_64_TO_32_BIT_CONVERSION = YES;
				GCC_WARN_ABOUT_RETURN_TYPE = YES_ERROR;
				GCC_WARN_UNDECLARED_SELECTOR = YES;
				GCC_WARN_UNINITIALIZED_AUTOS = YES_AGGRESSIVE;
				GCC_WARN_UNUSED_FUNCTION = YES;
				GCC_WARN_UNUSED_VARIABLE = YES;
				IPHONEOS_DEPLOYMENT_TARGET = 15.5;
				MTL_ENABLE_DEBUG_INFO = INCLUDE_SOURCE;
				MTL_FAST_MATH = YES;
				ONLY_ACTIVE_ARCH = YES;
				SDKROOT = iphoneos;
				SWIFT_ACTIVE_COMPILATION_CONDITIONS = DEBUG;
				SWIFT_OPTIMIZATION_LEVEL = "-Onone";
			};
			name = Debug;
		};
		37CE03462861F95800FF3814 /* Release */ = {
			isa = XCBuildConfiguration;
			buildSettings = {
				ALWAYS_SEARCH_USER_PATHS = NO;
				CLANG_ANALYZER_NONNULL = YES;
				CLANG_ANALYZER_NUMBER_OBJECT_CONVERSION = YES_AGGRESSIVE;
				CLANG_CXX_LANGUAGE_STANDARD = "gnu++17";
				CLANG_CXX_LIBRARY = "libc++";
				CLANG_ENABLE_MODULES = YES;
				CLANG_ENABLE_OBJC_ARC = YES;
				CLANG_ENABLE_OBJC_WEAK = YES;
				CLANG_WARN_BLOCK_CAPTURE_AUTORELEASING = YES;
				CLANG_WARN_BOOL_CONVERSION = YES;
				CLANG_WARN_COMMA = YES;
				CLANG_WARN_CONSTANT_CONVERSION = YES;
				CLANG_WARN_DEPRECATED_OBJC_IMPLEMENTATIONS = YES;
				CLANG_WARN_DIRECT_OBJC_ISA_USAGE = YES_ERROR;
				CLANG_WARN_DOCUMENTATION_COMMENTS = YES;
				CLANG_WARN_EMPTY_BODY = YES;
				CLANG_WARN_ENUM_CONVERSION = YES;
				CLANG_WARN_INFINITE_RECURSION = YES;
				CLANG_WARN_INT_CONVERSION = YES;
				CLANG_WARN_NON_LITERAL_NULL_CONVERSION = YES;
				CLANG_WARN_OBJC_IMPLICIT_RETAIN_SELF = YES;
				CLANG_WARN_OBJC_LITERAL_CONVERSION = YES;
				CLANG_WARN_OBJC_ROOT_CLASS = YES_ERROR;
				CLANG_WARN_QUOTED_INCLUDE_IN_FRAMEWORK_HEADER = YES;
				CLANG_WARN_RANGE_LOOP_ANALYSIS = YES;
				CLANG_WARN_STRICT_PROTOTYPES = YES;
				CLANG_WARN_SUSPICIOUS_MOVE = YES;
				CLANG_WARN_UNGUARDED_AVAILABILITY = YES_AGGRESSIVE;
				CLANG_WARN_UNREACHABLE_CODE = YES;
				CLANG_WARN__DUPLICATE_METHOD_MATCH = YES;
				COPY_PHASE_STRIP = NO;
				DEBUG_INFORMATION_FORMAT = "dwarf-with-dsym";
				ENABLE_NS_ASSERTIONS = NO;
				ENABLE_STRICT_OBJC_MSGSEND = YES;
				GCC_C_LANGUAGE_STANDARD = gnu11;
				GCC_NO_COMMON_BLOCKS = YES;
				GCC_WARN_64_TO_32_BIT_CONVERSION = YES;
				GCC_WARN_ABOUT_RETURN_TYPE = YES_ERROR;
				GCC_WARN_UNDECLARED_SELECTOR = YES;
				GCC_WARN_UNINITIALIZED_AUTOS = YES_AGGRESSIVE;
				GCC_WARN_UNUSED_FUNCTION = YES;
				GCC_WARN_UNUSED_VARIABLE = YES;
				IPHONEOS_DEPLOYMENT_TARGET = 15.5;
				MTL_ENABLE_DEBUG_INFO = NO;
				MTL_FAST_MATH = YES;
				SDKROOT = iphoneos;
				SWIFT_COMPILATION_MODE = wholemodule;
				SWIFT_OPTIMIZATION_LEVEL = "-O";
				VALIDATE_PRODUCT = YES;
			};
			name = Release;
		};
		37CE03482861F95800FF3814 /* Debug */ = {
			isa = XCBuildConfiguration;
			buildSettings = {
				ASSETCATALOG_COMPILER_APPICON_NAME = AppIcon;
				ASSETCATALOG_COMPILER_GLOBAL_ACCENT_COLOR_NAME = AccentColor;
				CODE_SIGN_STYLE = Automatic;
				CURRENT_PROJECT_VERSION = 1;
				DEVELOPMENT_TEAM = X8852RDP32;
				GENERATE_INFOPLIST_FILE = YES;
				INFOPLIST_FILE = "GB-Course-CleanCode/Environments/Info.plist";
				INFOPLIST_KEY_UIApplicationSupportsIndirectInputEvents = YES;
				INFOPLIST_KEY_UILaunchStoryboardName = LaunchScreen.storyboard;
				INFOPLIST_KEY_UIMainStoryboardFile = Main;
				INFOPLIST_KEY_UISupportedInterfaceOrientations = UIInterfaceOrientationPortrait;
				INFOPLIST_KEY_UISupportedInterfaceOrientations_iPad = "UIInterfaceOrientationLandscapeLeft UIInterfaceOrientationLandscapeRight UIInterfaceOrientationPortrait UIInterfaceOrientationPortraitUpsideDown";
				INFOPLIST_KEY_UIUserInterfaceStyle = Light;
				LD_RUNPATH_SEARCH_PATHS = (
					"$(inherited)",
					"@executable_path/Frameworks",
				);
				MARKETING_VERSION = 1.0;
				PRODUCT_BUNDLE_IDENTIFIER = "ru.rus-volk.GB-Course-CleanCode";
				PRODUCT_NAME = "$(TARGET_NAME)";
				SWIFT_EMIT_LOC_STRINGS = YES;
				SWIFT_VERSION = 5.0;
				TARGETED_DEVICE_FAMILY = 1;
			};
			name = Debug;
		};
		37CE03492861F95800FF3814 /* Release */ = {
			isa = XCBuildConfiguration;
			buildSettings = {
				ASSETCATALOG_COMPILER_APPICON_NAME = AppIcon;
				ASSETCATALOG_COMPILER_GLOBAL_ACCENT_COLOR_NAME = AccentColor;
				CODE_SIGN_STYLE = Automatic;
				CURRENT_PROJECT_VERSION = 1;
				DEVELOPMENT_TEAM = X8852RDP32;
				GENERATE_INFOPLIST_FILE = YES;
				INFOPLIST_FILE = "GB-Course-CleanCode/Environments/Info.plist";
				INFOPLIST_KEY_UIApplicationSupportsIndirectInputEvents = YES;
				INFOPLIST_KEY_UILaunchStoryboardName = LaunchScreen.storyboard;
				INFOPLIST_KEY_UIMainStoryboardFile = Main;
				INFOPLIST_KEY_UISupportedInterfaceOrientations = UIInterfaceOrientationPortrait;
				INFOPLIST_KEY_UISupportedInterfaceOrientations_iPad = "UIInterfaceOrientationLandscapeLeft UIInterfaceOrientationLandscapeRight UIInterfaceOrientationPortrait UIInterfaceOrientationPortraitUpsideDown";
				INFOPLIST_KEY_UIUserInterfaceStyle = Light;
				LD_RUNPATH_SEARCH_PATHS = (
					"$(inherited)",
					"@executable_path/Frameworks",
				);
				MARKETING_VERSION = 1.0;
				PRODUCT_BUNDLE_IDENTIFIER = "ru.rus-volk.GB-Course-CleanCode";
				PRODUCT_NAME = "$(TARGET_NAME)";
				SWIFT_EMIT_LOC_STRINGS = YES;
				SWIFT_VERSION = 5.0;
				TARGETED_DEVICE_FAMILY = 1;
			};
			name = Release;
		};
		37CE034B2861F95800FF3814 /* Debug */ = {
			isa = XCBuildConfiguration;
			buildSettings = {
				ALWAYS_EMBED_SWIFT_STANDARD_LIBRARIES = YES;
				BUNDLE_LOADER = "$(TEST_HOST)";
				CODE_SIGN_STYLE = Automatic;
				CURRENT_PROJECT_VERSION = 1;
				DEVELOPMENT_TEAM = X8852RDP32;
				GENERATE_INFOPLIST_FILE = YES;
				IPHONEOS_DEPLOYMENT_TARGET = 15.2;
				MARKETING_VERSION = 1.0;
				PRODUCT_BUNDLE_IDENTIFIER = "ru.rus-volk.GB-Course-CleanCodeTests";
				PRODUCT_NAME = "$(TARGET_NAME)";
				SWIFT_EMIT_LOC_STRINGS = NO;
				SWIFT_VERSION = 5.0;
				TARGETED_DEVICE_FAMILY = "1,2";
				TEST_HOST = "$(BUILT_PRODUCTS_DIR)/GB-Course-CleanCode.app/GB-Course-CleanCode";
			};
			name = Debug;
		};
		37CE034C2861F95800FF3814 /* Release */ = {
			isa = XCBuildConfiguration;
			buildSettings = {
				ALWAYS_EMBED_SWIFT_STANDARD_LIBRARIES = YES;
				BUNDLE_LOADER = "$(TEST_HOST)";
				CODE_SIGN_STYLE = Automatic;
				CURRENT_PROJECT_VERSION = 1;
				DEVELOPMENT_TEAM = X8852RDP32;
				GENERATE_INFOPLIST_FILE = YES;
				IPHONEOS_DEPLOYMENT_TARGET = 15.2;
				MARKETING_VERSION = 1.0;
				PRODUCT_BUNDLE_IDENTIFIER = "ru.rus-volk.GB-Course-CleanCodeTests";
				PRODUCT_NAME = "$(TARGET_NAME)";
				SWIFT_EMIT_LOC_STRINGS = NO;
				SWIFT_VERSION = 5.0;
				TARGETED_DEVICE_FAMILY = "1,2";
				TEST_HOST = "$(BUILT_PRODUCTS_DIR)/GB-Course-CleanCode.app/GB-Course-CleanCode";
			};
			name = Release;
		};
		37CE034E2861F95800FF3814 /* Debug */ = {
			isa = XCBuildConfiguration;
			buildSettings = {
				ALWAYS_EMBED_SWIFT_STANDARD_LIBRARIES = YES;
				CODE_SIGN_STYLE = Automatic;
				CURRENT_PROJECT_VERSION = 1;
				DEVELOPMENT_TEAM = X8852RDP32;
				GENERATE_INFOPLIST_FILE = YES;
				MARKETING_VERSION = 1.0;
				PRODUCT_BUNDLE_IDENTIFIER = "ru.rus-volk.GB-Course-CleanCodeUITests";
				PRODUCT_NAME = "$(TARGET_NAME)";
				SWIFT_EMIT_LOC_STRINGS = NO;
				SWIFT_VERSION = 5.0;
				TARGETED_DEVICE_FAMILY = "1,2";
				TEST_TARGET_NAME = "GB-Course-CleanCode";
			};
			name = Debug;
		};
		37CE034F2861F95800FF3814 /* Release */ = {
			isa = XCBuildConfiguration;
			buildSettings = {
				ALWAYS_EMBED_SWIFT_STANDARD_LIBRARIES = YES;
				CODE_SIGN_STYLE = Automatic;
				CURRENT_PROJECT_VERSION = 1;
				DEVELOPMENT_TEAM = X8852RDP32;
				GENERATE_INFOPLIST_FILE = YES;
				MARKETING_VERSION = 1.0;
				PRODUCT_BUNDLE_IDENTIFIER = "ru.rus-volk.GB-Course-CleanCodeUITests";
				PRODUCT_NAME = "$(TARGET_NAME)";
				SWIFT_EMIT_LOC_STRINGS = NO;
				SWIFT_VERSION = 5.0;
				TARGETED_DEVICE_FAMILY = "1,2";
				TEST_TARGET_NAME = "GB-Course-CleanCode";
			};
			name = Release;
		};
/* End XCBuildConfiguration section */

/* Begin XCConfigurationList section */
		37CE03182861F95500FF3814 /* Build configuration list for PBXProject "GB-Course-CleanCode" */ = {
			isa = XCConfigurationList;
			buildConfigurations = (
				37CE03452861F95800FF3814 /* Debug */,
				37CE03462861F95800FF3814 /* Release */,
			);
			defaultConfigurationIsVisible = 0;
			defaultConfigurationName = Release;
		};
		37CE03472861F95800FF3814 /* Build configuration list for PBXNativeTarget "GB-Course-CleanCode" */ = {
			isa = XCConfigurationList;
			buildConfigurations = (
				37CE03482861F95800FF3814 /* Debug */,
				37CE03492861F95800FF3814 /* Release */,
			);
			defaultConfigurationIsVisible = 0;
			defaultConfigurationName = Release;
		};
		37CE034A2861F95800FF3814 /* Build configuration list for PBXNativeTarget "GB-Course-CleanCodeTests" */ = {
			isa = XCConfigurationList;
			buildConfigurations = (
				37CE034B2861F95800FF3814 /* Debug */,
				37CE034C2861F95800FF3814 /* Release */,
			);
			defaultConfigurationIsVisible = 0;
			defaultConfigurationName = Release;
		};
		37CE034D2861F95800FF3814 /* Build configuration list for PBXNativeTarget "GB-Course-CleanCodeUITests" */ = {
			isa = XCConfigurationList;
			buildConfigurations = (
				37CE034E2861F95800FF3814 /* Debug */,
				37CE034F2861F95800FF3814 /* Release */,
			);
			defaultConfigurationIsVisible = 0;
			defaultConfigurationName = Release;
		};
/* End XCConfigurationList section */
	};
	rootObject = 37CE03152861F95500FF3814 /* Project object */;
}
